{
  "nodes": {
    "barli": {
      "inputs": {
        "nixpkgs": [
          "nixpkgs"
        ]
      },
      "locked": {
        "lastModified": 1761178777,
        "narHash": "sha256-eFpp05WU2PAF9WKYTofbdJTob4AVlgPr3U/lPt166Cw=",
        "owner": "rooyca",
        "repo": "barli-c",
        "rev": "5d9f25360248d469dd0cf320690213917da6bc30",
        "type": "github"
      },
      "original": {
        "owner": "rooyca",
        "repo": "barli-c",
        "type": "github"
      }
    },
    "barli-rust": {
      "inputs": {
        "nixpkgs": [
          "nixpkgs"
        ]
      },
      "locked": {
        "lastModified": 1757629026,
        "narHash": "sha256-Kn145P5c73DF3+M9kwYFO/pY+xa8r392T+0UzORzutc=",
        "owner": "rooyca",
        "repo": "barli",
        "rev": "20046e04962ab239e52673eee909f990e1f474f2",
        "type": "github"
      },
      "original": {
        "owner": "rooyca",
        "repo": "barli",
        "type": "github"
      }
    },
    "minipm": {
      "inputs": {
        "nixpkgs": [
          "nixpkgs"
        ]
      },
      "locked": {
        "lastModified": 1757617243,
        "narHash": "sha256-q5bO4nK5CgDCNFrxLuKO8QR8GsgQcUtF/Qs80F8khhE=",
        "owner": "rooyca",
        "repo": "minipm",
        "rev": "100f92475fb3455c7749d133a8bee6d7ad351932",
        "type": "github"
      },
      "original": {
        "owner": "rooyca",
        "repo": "minipm",
        "type": "github"
      }
    },
    "nixpkgs": {
      "locked": {
        "lastModified": 1760965567,
        "narHash": "sha256-0JDOal5P7xzzAibvD0yTE3ptyvoVOAL0rcELmDdtSKg=",
        "owner": "nixos",
        "repo": "nixpkgs",
        "rev": "cb82756ecc37fa623f8cf3e88854f9bf7f64af93",
        "type": "github"
      },
      "original": {
        "owner": "nixos",
        "ref": "nixpkgs-unstable",
        "repo": "nixpkgs",
        "type": "github"
      }
    },
    "root": {
      "inputs": {
        "barli": "barli",
        "barli-rust": "barli-rust",
        "minipm": "minipm",
        "nixpkgs": "nixpkgs"
      }
    }
  },
  "root": "root",
  "version": 7
}
