{
  "nodes": {
    "barli": {
      "inputs": {
        "nixpkgs": [
          "nixpkgs"
        ]
      },
      "locked": {
        "lastModified": 1759347245,
        "narHash": "sha256-1XWV8EQkvQwyg9AJ2wkLj33S7EDCO1mkMYZFG8VGmkM=",
        "owner": "rooyca",
        "repo": "barli-c",
        "rev": "576472363f05e9eb979b67454a56b31a51ceb124",
        "type": "github"
      },
      "original": {
        "owner": "rooyca",
        "repo": "barli-c",
        "type": "github"
      }
    },
    "barli-rust": {
      "inputs": {
        "nixpkgs": [
          "nixpkgs"
        ]
      },
      "locked": {
        "lastModified": 1757629026,
        "narHash": "sha256-Kn145P5c73DF3+M9kwYFO/pY+xa8r392T+0UzORzutc=",
        "owner": "rooyca",
        "repo": "barli",
        "rev": "20046e04962ab239e52673eee909f990e1f474f2",
        "type": "github"
      },
      "original": {
        "owner": "rooyca",
        "repo": "barli",
        "type": "github"
      }
    },
    "minipm": {
      "inputs": {
        "nixpkgs": [
          "nixpkgs"
        ]
      },
      "locked": {
        "lastModified": 1757617243,
        "narHash": "sha256-q5bO4nK5CgDCNFrxLuKO8QR8GsgQcUtF/Qs80F8khhE=",
        "owner": "rooyca",
        "repo": "minipm",
        "rev": "100f92475fb3455c7749d133a8bee6d7ad351932",
        "type": "github"
      },
      "original": {
        "owner": "rooyca",
        "repo": "minipm",
        "type": "github"
      }
    },
    "nixpkgs": {
      "locked": {
        "lastModified": 1759133924,
        "narHash": "sha256-eegjF6fo080481S/ZHyDENjeGG1ZgW2v86O9UZQxLJ8=",
        "owner": "nixos",
        "repo": "nixpkgs",
        "rev": "9547cfd27b5158eb612a6812dfc5c7b3d118b996",
        "type": "github"
      },
      "original": {
        "owner": "nixos",
        "ref": "nixpkgs-unstable",
        "repo": "nixpkgs",
        "type": "github"
      }
    },
    "root": {
      "inputs": {
        "barli": "barli",
        "barli-rust": "barli-rust",
        "minipm": "minipm",
        "nixpkgs": "nixpkgs"
      }
    }
  },
  "root": "root",
  "version": 7
}
